
Microsoft Visual Studio Solution File, Format Version 12.00
# Visual Studio Version 17
VisualStudioVersion = 17.4.33205.214
MinimumVisualStudioVersion = 10.0.40219.1
Project("{FAE04EC0-301F-11D3-BF4B-00C04F79EFBC}") = "projGerenciadorDeTags", "projGerenciadorDeTags\projGerenciadorDeTags.csproj", "{D47F84AC-4EAB-40B7-9C1D-482CCCBB68E7}"
EndProject
Global
	GlobalSection(SolutionConfigurationPlatforms) = preSolution
		Debug|Any CPU = Debug|Any CPU
		Release|Any CPU = Release|Any CPU
	EndGlobalSection
	GlobalSection(ProjectConfigurationPlatforms) = postSolution
		{D47F84AC-4EAB-40B7-9C1D-482CCCBB68E7}.Debug|Any CPU.ActiveCfg = Debug|Any CPU
		{D47F84AC-4EAB-40B7-9C1D-482CCCBB68E7}.Debug|Any CPU.Build.0 = Debug|Any CPU
		{D47F84AC-4EAB-40B7-9C1D-482CCCBB68E7}.Release|Any CPU.ActiveCfg = Release|Any CPU
		{D47F84AC-4EAB-40B7-9C1D-482CCCBB68E7}.Release|Any CPU.Build.0 = Release|Any CPU
	EndGlobalSection
	GlobalSection(SolutionProperties) = preSolution
		HideSolutionNode = FALSE
	EndGlobalSection
	GlobalSection(ExtensibilityGlobals) = postSolution
		SolutionGuid = {DF60DB8E-15E2-4CE4-AF61-CAB90D883088}
	EndGlobalSection
EndGlobal
